
Microsoft Visual Studio Solution File, Format Version 12.00
# Visual Studio 15
VisualStudioVersion = 15.0.28307.645
MinimumVisualStudioVersion = 10.0.40219.1
Project("{FAE04EC0-301F-11D3-BF4B-00C04F79EFBC}") = "Exercicio_Parte2_05", "Exercicio_Parte2_05\Exercicio_Parte2_05.csproj", "{AF5EAA00-FDAD-456E-AB82-354286608D62}"
EndProject
Global
	GlobalSection(SolutionConfigurationPlatforms) = preSolution
		Debug|Any CPU = Debug|Any CPU
		Release|Any CPU = Release|Any CPU
	EndGlobalSection
	GlobalSection(ProjectConfigurationPlatforms) = postSolution
		{AF5EAA00-FDAD-456E-AB82-354286608D62}.Debug|Any CPU.ActiveCfg = Debug|Any CPU
		{AF5EAA00-FDAD-456E-AB82-354286608D62}.Debug|Any CPU.Build.0 = Debug|Any CPU
		{AF5EAA00-FDAD-456E-AB82-354286608D62}.Release|Any CPU.ActiveCfg = Release|Any CPU
		{AF5EAA00-FDAD-456E-AB82-354286608D62}.Release|Any CPU.Build.0 = Release|Any CPU
	EndGlobalSection
	GlobalSection(SolutionProperties) = preSolution
		HideSolutionNode = FALSE
	EndGlobalSection
	GlobalSection(ExtensibilityGlobals) = postSolution
		SolutionGuid = {C17B19F9-9E69-45B4-BA60-3ABB1323E7E9}
	EndGlobalSection
EndGlobal
